// !$*UTF8*$!
{
	archiveVersion = 1;
	classes = {
	};
	objectVersion = 50;
	objects = {

/* Begin PBXBuildFile section */
		E92C56C324537D5800873F78 /* AppDelegate.swift in Sources */ = {isa = PBXBuildFile; fileRef = E92C56C224537D5800873F78 /* AppDelegate.swift */; };
		E92C56C524537D5800873F78 /* SceneDelegate.swift in Sources */ = {isa = PBXBuildFile; fileRef = E92C56C424537D5800873F78 /* SceneDelegate.swift */; };
		E92C56C724537D5800873F78 /* ViewController.swift in Sources */ = {isa = PBXBuildFile; fileRef = E92C56C624537D5800873F78 /* ViewController.swift */; };
		E92C56CA24537D5800873F78 /* Main.storyboard in Resources */ = {isa = PBXBuildFile; fileRef = E92C56C824537D5800873F78 /* Main.storyboard */; };
		E92C56CD24537D5800873F78 /* Ephere.xcdatamodeld in Sources */ = {isa = PBXBuildFile; fileRef = E92C56CB24537D5800873F78 /* Ephere.xcdatamodeld */; };
		E92C56CF24537D5A00873F78 /* Assets.xcassets in Resources */ = {isa = PBXBuildFile; fileRef = E92C56CE24537D5A00873F78 /* Assets.xcassets */; };
		E92C56D224537D5A00873F78 /* LaunchScreen.storyboard in Resources */ = {isa = PBXBuildFile; fileRef = E92C56D024537D5A00873F78 /* LaunchScreen.storyboard */; };
/* End PBXBuildFile section */

/* Begin PBXFileReference section */
		E92C56BF24537D5800873F78 /* Ephere.app */ = {isa = PBXFileReference; explicitFileType = wrapper.application; includeInIndex = 0; path = Ephere.app; sourceTree = BUILT_PRODUCTS_DIR; };
		E92C56C224537D5800873F78 /* AppDelegate.swift */ = {isa = PBXFileReference; lastKnownFileType = sourcecode.swift; path = AppDelegate.swift; sourceTree = "<group>"; };
		E92C56C424537D5800873F78 /* SceneDelegate.swift */ = {isa = PBXFileReference; lastKnownFileType = sourcecode.swift; path = SceneDelegate.swift; sourceTree = "<group>"; };
		E92C56C624537D5800873F78 /* ViewController.swift */ = {isa = PBXFileReference; lastKnownFileType = sourcecode.swift; path = ViewController.swift; sourceTree = "<group>"; };
		E92C56C924537D5800873F78 /* Base */ = {isa = PBXFileReference; lastKnownFileType = file.storyboard; name = Base; path = Base.lproj/Main.storyboard; sourceTree = "<group>"; };
		E92C56CC24537D5800873F78 /* Ephere.xcdatamodel */ = {isa = PBXFileReference; lastKnownFileType = wrapper.xcdatamodel; path = Ephere.xcdatamodel; sourceTree = "<group>"; };
		E92C56CE24537D5A00873F78 /* Assets.xcassets */ = {isa = PBXFileReference; lastKnownFileType = folder.assetcatalog; path = Assets.xcassets; sourceTree = "<group>"; };
		E92C56D124537D5A00873F78 /* Base */ = {isa = PBXFileReference; lastKnownFileType = file.storyboard; name = Base; path = Base.lproj/LaunchScreen.storyboard; sourceTree = "<group>"; };
		E92C56D324537D5A00873F78 /* Info.plist */ = {isa = PBXFileReference; lastKnownFileType = text.plist.xml; path = Info.plist; sourceTree = "<group>"; };
/* End PBXFileReference section */

/* Begin PBXFrameworksBuildPhase section */
		E92C56BC24537D5800873F78 /* Frameworks */ = {
			isa = PBXFrameworksBuildPhase;
			buildActionMask = 2147483647;
			files = (
			);
			runOnlyForDeploymentPostprocessing = 0;
		};
/* End PBXFrameworksBuildPhase section */

/* Begin PBXGroup section */
		E92C56B624537D5800873F78 = {
			isa = PBXGroup;
			children = (
				E92C56C124537D5800873F78 /* Ephere */,
				E92C56C024537D5800873F78 /* Products */,
			);
			sourceTree = "<group>";
		};
		E92C56C024537D5800873F78 /* Products */ = {
			isa = PBXGroup;
			children = (
				E92C56BF24537D5800873F78 /* Ephere.app */,
			);
			name = Products;
			sourceTree = "<group>";
		};
		E92C56C124537D5800873F78 /* Ephere */ = {
			isa = PBXGroup;
			children = (
				E92C56C224537D5800873F78 /* AppDelegate.swift */,
				E92C56C424537D5800873F78 /* SceneDelegate.swift */,
				E92C56C624537D5800873F78 /* ViewController.swift */,
				E92C56C824537D5800873F78 /* Main.storyboard */,
				E92C56CE24537D5A00873F78 /* Assets.xcassets */,
				E92C56D024537D5A00873F78 /* LaunchScreen.storyboard */,
				E92C56D324537D5A00873F78 /* Info.plist */,
				E92C56CB24537D5800873F78 /* Ephere.xcdatamodeld */,
			);
			path = Ephere;
			sourceTree = "<group>";
		};
/* End PBXGroup section */

/* Begin PBXNativeTarget section */
		E92C56BE24537D5800873F78 /* Ephere */ = {
			isa = PBXNativeTarget;
			buildConfigurationList = E92C56D624537D5A00873F78 /* Build configuration list for PBXNativeTarget "Ephere" */;
			buildPhases = (
				E92C56BB24537D5800873F78 /* Sources */,
				E92C56BC24537D5800873F78 /* Frameworks */,
				E92C56BD24537D5800873F78 /* Resources */,
			);
			buildRules = (
			);
			dependencies = (
			);
			name = Ephere;
			productName = Ephere;
			productReference = E92C56BF24537D5800873F78 /* Ephere.app */;
			productType = "com.apple.product-type.application";
		};
/* End PBXNativeTarget section */

/* Begin PBXProject section */
		E92C56B724537D5800873F78 /* Project object */ = {
			isa = PBXProject;
			attributes = {
				LastSwiftUpdateCheck = 1140;
				LastUpgradeCheck = 1140;
				ORGANIZATIONNAME = "Afanasyeva Polina";
				TargetAttributes = {
					E92C56BE24537D5800873F78 = {
						CreatedOnToolsVersion = 11.4.1;
					};
				};
			};
			buildConfigurationList = E92C56BA24537D5800873F78 /* Build configuration list for PBXProject "Ephere" */;
			compatibilityVersion = "Xcode 9.3";
			developmentRegion = en;
			hasScannedForEncodings = 0;
			knownRegions = (
				en,
				Base,
			);
			mainGroup = E92C56B624537D5800873F78;
			productRefGroup = E92C56C024537D5800873F78 /* Products */;
			projectDirPath = "";
			projectRoot = "";
			targets = (
				E92C56BE24537D5800873F78 /* Ephere */,
			);
		};
/* End PBXProject section */

/* Begin PBXResourcesBuildPhase section */
		E92C56BD24537D5800873F78 /* Resources */ = {
			isa = PBXResourcesBuildPhase;
			buildActionMask = 2147483647;
			files = (
				E92C56D224537D5A00873F78 /* LaunchScreen.storyboard in Resources */,
				E92C56CF24537D5A00873F78 /* Assets.xcassets in Resources */,
				E92C56CA24537D5800873F78 /* Main.storyboard in Resources */,
			);
			runOnlyForDeploymentPostprocessing = 0;
		};
/* End PBXResourcesBuildPhase section */

/* Begin PBXSourcesBuildPhase section */
		E92C56BB24537D5800873F78 /* Sources */ = {
			isa = PBXSourcesBuildPhase;
			buildActionMask = 2147483647;
			files = (
				E92C56CD24537D5800873F78 /* Ephere.xcdatamodeld in Sources */,
				E92C56C724537D5800873F78 /* ViewController.swift in Sources */,
				E92C56C324537D5800873F78 /* AppDelegate.swift in Sources */,
				E92C56C524537D5800873F78 /* SceneDelegate.swift in Sources */,
			);
			runOnlyForDeploymentPostprocessing = 0;
		};
/* End PBXSourcesBuildPhase section */

/* Begin PBXVariantGroup section */
		E92C56C824537D5800873F78 /* Main.storyboard */ = {
			isa = PBXVariantGroup;
			children = (
				E92C56C924537D5800873F78 /* Base */,
			);
			name = Main.storyboard;
			sourceTree = "<group>";
		};
		E92C56D024537D5A00873F78 /* LaunchScreen.storyboard */ = {
			isa = PBXVariantGroup;
			children = (
				E92C56D124537D5A00873F78 /* Base */,
			);
			name = LaunchScreen.storyboard;
			sourceTree = "<group>";
		};
/* End PBXVariantGroup section */

/* Begin XCBuildConfiguration section */
		E92C56D424537D5A00873F78 /* Debug */ = {
			isa = XCBuildConfiguration;
			buildSettings = {
				ALWAYS_SEARCH_USER_PATHS = NO;
				CLANG_ANALYZER_NONNULL = YES;
				CLANG_ANALYZER_NUMBER_OBJECT_CONVERSION = YES_AGGRESSIVE;
				CLANG_CXX_LANGUAGE_STANDARD = "gnu++14";
				CLANG_CXX_LIBRARY = "libc++";
				CLANG_ENABLE_MODULES = YES;
				CLANG_ENABLE_OBJC_ARC = YES;
				CLANG_ENABLE_OBJC_WEAK = YES;
				CLANG_WARN_BLOCK_CAPTURE_AUTORELEASING = YES;
				CLANG_WARN_BOOL_CONVERSION = YES;
				CLANG_WARN_COMMA = YES;
				CLANG_WARN_CONSTANT_CONVERSION = YES;
				CLANG_WARN_DEPRECATED_OBJC_IMPLEMENTATIONS = YES;
				CLANG_WARN_DIRECT_OBJC_ISA_USAGE = YES_ERROR;
				CLANG_WARN_DOCUMENTATION_COMMENTS = YES;
				CLANG_WARN_EMPTY_BODY = YES;
				CLANG_WARN_ENUM_CONVERSION = YES;
				CLANG_WARN_INFINITE_RECURSION = YES;
				CLANG_WARN_INT_CONVERSION = YES;
				CLANG_WARN_NON_LITERAL_NULL_CONVERSION = YES;
				CLANG_WARN_OBJC_IMPLICIT_RETAIN_SELF = YES;
				CLANG_WARN_OBJC_LITERAL_CONVERSION = YES;
				CLANG_WARN_OBJC_ROOT_CLASS = YES_ERROR;
				CLANG_WARN_RANGE_LOOP_ANALYSIS = YES;
				CLANG_WARN_STRICT_PROTOTYPES = YES;
				CLANG_WARN_SUSPICIOUS_MOVE = YES;
				CLANG_WARN_UNGUARDED_AVAILABILITY = YES_AGGRESSIVE;
				CLANG_WARN_UNREACHABLE_CODE = YES;
				CLANG_WARN__DUPLICATE_METHOD_MATCH = YES;
				COPY_PHASE_STRIP = NO;
				DEBUG_INFORMATION_FORMAT = dwarf;
				ENABLE_STRICT_OBJC_MSGSEND = YES;
				ENABLE_TESTABILITY = YES;
				GCC_C_LANGUAGE_STANDARD = gnu11;
				GCC_DYNAMIC_NO_PIC = NO;
				GCC_NO_COMMON_BLOCKS = YES;
				GCC_OPTIMIZATION_LEVEL = 0;
				GCC_PREPROCESSOR_DEFINITIONS = (
					"DEBUG=1",
					"$(inherited)",
				);
				GCC_WARN_64_TO_32_BIT_CONVERSION = YES;
				GCC_WARN_ABOUT_RETURN_TYPE = YES_ERROR;
				GCC_WARN_UNDECLARED_SELECTOR = YES;
				GCC_WARN_UNINITIALIZED_AUTOS = YES_AGGRESSIVE;
				GCC_WARN_UNUSED_FUNCTION = YES;
				GCC_WARN_UNUSED_VARIABLE = YES;
				IPHONEOS_DEPLOYMENT_TARGET = 13.4;
				MTL_ENABLE_DEBUG_INFO = INCLUDE_SOURCE;
				MTL_FAST_MATH = YES;
				ONLY_ACTIVE_ARCH = YES;
				SDKROOT = iphoneos;
				SWIFT_ACTIVE_COMPILATION_CONDITIONS = DEBUG;
				SWIFT_OPTIMIZATION_LEVEL = "-Onone";
			};
			name = Debug;
		};
		E92C56D524537D5A00873F78 /* Release */ = {
			isa = XCBuildConfiguration;
			buildSettings = {
				ALWAYS_SEARCH_USER_PATHS = NO;
				CLANG_ANALYZER_NONNULL = YES;
				CLANG_ANALYZER_NUMBER_OBJECT_CONVERSION = YES_AGGRESSIVE;
				CLANG_CXX_LANGUAGE_STANDARD = "gnu++14";
				CLANG_CXX_LIBRARY = "libc++";
				CLANG_ENABLE_MODULES = YES;
				CLANG_ENABLE_OBJC_ARC = YES;
				CLANG_ENABLE_OBJC_WEAK = YES;
				CLANG_WARN_BLOCK_CAPTURE_AUTORELEASING = YES;
				CLANG_WARN_BOOL_CONVERSION = YES;
				CLANG_WARN_COMMA = YES;
				CLANG_WARN_CONSTANT_CONVERSION = YES;
				CLANG_WARN_DEPRECATED_OBJC_IMPLEMENTATIONS = YES;
				CLANG_WARN_DIRECT_OBJC_ISA_USAGE = YES_ERROR;
				CLANG_WARN_DOCUMENTATION_COMMENTS = YES;
				CLANG_WARN_EMPTY_BODY = YES;
				CLANG_WARN_ENUM_CONVERSION = YES;
				CLANG_WARN_INFINITE_RECURSION = YES;
				CLANG_WARN_INT_CONVERSION = YES;
				CLANG_WARN_NON_LITERAL_NULL_CONVERSION = YES;
				CLANG_WARN_OBJC_IMPLICIT_RETAIN_SELF = YES;
				CLANG_WARN_OBJC_LITERAL_CONVERSION = YES;
				CLANG_WARN_OBJC_ROOT_CLASS = YES_ERROR;
				CLANG_WARN_RANGE_LOOP_ANALYSIS = YES;
				CLANG_WARN_STRICT_PROTOTYPES = YES;
				CLANG_WARN_SUSPICIOUS_MOVE = YES;
				CLANG_WARN_UNGUARDED_AVAILABILITY = YES_AGGRESSIVE;
				CLANG_WARN_UNREACHABLE_CODE = YES;
				CLANG_WARN__DUPLICATE_METHOD_MATCH = YES;
				COPY_PHASE_STRIP = NO;
				DEBUG_INFORMATION_FORMAT = "dwarf-with-dsym";
				ENABLE_NS_ASSERTIONS = NO;
				ENABLE_STRICT_OBJC_MSGSEND = YES;
				GCC_C_LANGUAGE_STANDARD = gnu11;
				GCC_NO_COMMON_BLOCKS = YES;
				GCC_WARN_64_TO_32_BIT_CONVERSION = YES;
				GCC_WARN_ABOUT_RETURN_TYPE = YES_ERROR;
				GCC_WARN_UNDECLARED_SELECTOR = YES;
				GCC_WARN_UNINITIALIZED_AUTOS = YES_AGGRESSIVE;
				GCC_WARN_UNUSED_FUNCTION = YES;
				GCC_WARN_UNUSED_VARIABLE = YES;
				IPHONEOS_DEPLOYMENT_TARGET = 13.4;
				MTL_ENABLE_DEBUG_INFO = NO;
				MTL_FAST_MATH = YES;
				SDKROOT = iphoneos;
				SWIFT_COMPILATION_MODE = wholemodule;
				SWIFT_OPTIMIZATION_LEVEL = "-O";
				VALIDATE_PRODUCT = YES;
			};
			name = Release;
		};
		E92C56D724537D5A00873F78 /* Debug */ = {
			isa = XCBuildConfiguration;
			buildSettings = {
				ASSETCATALOG_COMPILER_APPICON_NAME = AppIcon;
				CODE_SIGN_STYLE = Automatic;
				INFOPLIST_FILE = Ephere/Info.plist;
				LD_RUNPATH_SEARCH_PATHS = (
					"$(inherited)",
					"@executable_path/Frameworks",
				);
				PRODUCT_BUNDLE_IDENTIFIER = App.Ephere;
				PRODUCT_NAME = "$(TARGET_NAME)";
				SWIFT_VERSION = 5.0;
				TARGETED_DEVICE_FAMILY = "1,2";
			};
			name = Debug;
		};
		E92C56D824537D5A00873F78 /* Release */ = {
			isa = XCBuildConfiguration;
			buildSettings = {
				ASSETCATALOG_COMPILER_APPICON_NAME = AppIcon;
				CODE_SIGN_STYLE = Automatic;
				INFOPLIST_FILE = Ephere/Info.plist;
				LD_RUNPATH_SEARCH_PATHS = (
					"$(inherited)",
					"@executable_path/Frameworks",
				);
				PRODUCT_BUNDLE_IDENTIFIER = App.Ephere;
				PRODUCT_NAME = "$(TARGET_NAME)";
				SWIFT_VERSION = 5.0;
				TARGETED_DEVICE_FAMILY = "1,2";
			};
			name = Release;
		};
/* End XCBuildConfiguration section */

/* Begin XCConfigurationList section */
		E92C56BA24537D5800873F78 /* Build configuration list for PBXProject "Ephere" */ = {
			isa = XCConfigurationList;
			buildConfigurations = (
				E92C56D424537D5A00873F78 /* Debug */,
				E92C56D524537D5A00873F78 /* Release */,
			);
			defaultConfigurationIsVisible = 0;
			defaultConfigurationName = Release;
		};
		E92C56D624537D5A00873F78 /* Build configuration list for PBXNativeTarget "Ephere" */ = {
			isa = XCConfigurationList;
			buildConfigurations = (
				E92C56D724537D5A00873F78 /* Debug */,
				E92C56D824537D5A00873F78 /* Release */,
			);
			defaultConfigurationIsVisible = 0;
			defaultConfigurationName = Release;
		};
/* End XCConfigurationList section */

/* Begin XCVersionGroup section */
		E92C56CB24537D5800873F78 /* Ephere.xcdatamodeld */ = {
			isa = XCVersionGroup;
			children = (
				E92C56CC24537D5800873F78 /* Ephere.xcdatamodel */,
			);
			currentVersion = E92C56CC24537D5800873F78 /* Ephere.xcdatamodel */;
			path = Ephere.xcdatamodeld;
			sourceTree = "<group>";
			versionGroupType = wrapper.xcdatamodel;
		};
/* End XCVersionGroup section */
	};
	rootObject = E92C56B724537D5800873F78 /* Project object */;
}
